
Microsoft Visual Studio Solution File, Format Version 12.00
# Visual Studio Version 17
VisualStudioVersion = 17.5.002.0
MinimumVisualStudioVersion = 10.0.40219.1
Project("{9A19103F-16F7-4668-BE54-9A1E7A4F7556}") = "netay", "netay.csproj", "{C3250EC7-6FE3-4A11-9278-BC061945744B}"
EndProject
Global
	GlobalSection(SolutionConfigurationPlatforms) = preSolution
		Debug|Any CPU = Debug|Any CPU
		Release|Any CPU = Release|Any CPU
	EndGlobalSection
	GlobalSection(ProjectConfigurationPlatforms) = postSolution
		{C3250EC7-6FE3-4A11-9278-BC061945744B}.Debug|Any CPU.ActiveCfg = Debug|Any CPU
		{C3250EC7-6FE3-4A11-9278-BC061945744B}.Debug|Any CPU.Build.0 = Debug|Any CPU
		{C3250EC7-6FE3-4A11-9278-BC061945744B}.Release|Any CPU.ActiveCfg = Release|Any CPU
		{C3250EC7-6FE3-4A11-9278-BC061945744B}.Release|Any CPU.Build.0 = Release|Any CPU
	EndGlobalSection
	GlobalSection(SolutionProperties) = preSolution
		HideSolutionNode = FALSE
	EndGlobalSection
	GlobalSection(ExtensibilityGlobals) = postSolution
		SolutionGuid = {296F213A-81EC-4158-9AFC-54D8F1EA046B}
	EndGlobalSection
EndGlobal
